<?xml version="1.0" encoding="utf-8"?>
<Project ToolsVersion="4.0" xmlns="http://schemas.microsoft.com/developer/msbuild/2003">
  <ItemGroup>
    <Filter Include="Source Files">
      <UniqueIdentifier>{4FC737F1-C7A5-4376-A066-2A32D752A2FF}</UniqueIdentifier>
      <Extensions>cpp;c;cc;cxx;def;odl;idl;hpj;bat;asm;asmx</Extensions>
    </Filter>
    <Filter Include="Header Files">
      <UniqueIdentifier>{93995380-89BD-4b04-88EB-625FBE52EBFB}</UniqueIdentifier>
      <Extensions>h;hpp;hxx;hm;inl;inc;xsd</Extensions>
    </Filter>
  </ItemGroup>
  <ItemGroup>
    <ClCompile Include="..\pool\com\cpool_com_method.c">
      <Filter>Source Files</Filter>
    </ClCompile>
    <ClCompile Include="..\pool\core\cpool_core.c">
      <Filter>Source Files</Filter>
    </ClCompile>
    <ClCompile Include="..\pool\core\cpool_core_gc.c">
      <Filter>Source Files</Filter>
    </ClCompile>
    <ClCompile Include="..\factory\cpool_factory.c">
      <Filter>Source Files</Filter>
    </ClCompile>
    <ClCompile Include="..\pool\gp\cpool_gp_advance_method.c">
      <Filter>Source Files</Filter>
    </ClCompile>
    <ClCompile Include="..\pool\gp\cpool_gp_core_method.c">
      <Filter>Source Files</Filter>
    </ClCompile>
    <ClCompile Include="..\pool\gp\cpool_gp_entry.c">
      <Filter>Source Files</Filter>
    </ClCompile>
    <ClCompile Include="..\pool\gp\cpool_gp_factory.c">
      <Filter>Source Files</Filter>
    </ClCompile>
    <ClCompile Include="..\pool\gp\cpool_gp_internal.c">
      <Filter>Source Files</Filter>
    </ClCompile>
    <ClCompile Include="..\pool\gp\cpool_gp_method.c">
      <Filter>Source Files</Filter>
    </ClCompile>
    <ClCompile Include="..\pool\gp\cpool_gp_wait.c">
      <Filter>Source Files</Filter>
    </ClCompile>
    <ClCompile Include="..\pool\rt\cpool_rt_core_method.c">
      <Filter>Source Files</Filter>
    </ClCompile>
    <ClCompile Include="..\pool\rt\cpool_rt_factory.c">
      <Filter>Source Files</Filter>
    </ClCompile>
    <ClCompile Include="..\pool\rt\cpool_rt_internal.c">
      <Filter>Source Files</Filter>
    </ClCompile>
    <ClCompile Include="..\pool\rt\cpool_rt_method.c">
      <Filter>Source Files</Filter>
    </ClCompile>
    <ClCompile Include="..\pool\rt\cpool_rt_scheduler_dump.c">
      <Filter>Source Files</Filter>
    </ClCompile>
    <ClCompile Include="..\pool\com\cpool_wait.c">
      <Filter>Source Files</Filter>
    </ClCompile>
    <ClCompile Include="..\pool\core\objpool.c">
      <Filter>Source Files</Filter>
    </ClCompile>
    <ClCompile Include="..\os\ospx.c">
      <Filter>Source Files</Filter>
    </ClCompile>
    <ClCompile Include="..\os\ospx_error.c">
      <Filter>Source Files</Filter>
    </ClCompile>
    <ClCompile Include="..\pool\core\sm_cache.c">
      <Filter>Source Files</Filter>
    </ClCompile>
    <ClCompile Include="..\stpool.c">
      <Filter>Source Files</Filter>
    </ClCompile>
    <ClCompile Include="..\stpool_group.c">
      <Filter>Source Files</Filter>
    </ClCompile>
    <ClCompile Include="..\pool\core\timer.c">
      <Filter>Source Files</Filter>
    </ClCompile>
  </ItemGroup>
  <ItemGroup>
    <ClInclude Include="..\pool\core\cache_creater.h">
      <Filter>Header Files</Filter>
    </ClInclude>
    <ClInclude Include="..\pool\core\cpool_core.h">
      <Filter>Header Files</Filter>
    </ClInclude>
    <ClInclude Include="..\pool\core\cpool_core_gc.h">
      <Filter>Header Files</Filter>
    </ClInclude>
    <ClInclude Include="..\pool\core\cpool_core_struct.h">
      <Filter>Header Files</Filter>
    </ClInclude>
    <ClInclude Include="..\pool\core\cpool_core_thread_status.h">
      <Filter>Header Files</Filter>
    </ClInclude>
    <ClInclude Include="..\factory\cpool_factory.h">
      <Filter>Header Files</Filter>
    </ClInclude>
    <ClInclude Include="..\factory\cpool_method.h">
      <Filter>Header Files</Filter>
    </ClInclude>
    <ClInclude Include="..\pool\core\list.h">
      <Filter>Header Files</Filter>
    </ClInclude>
    <ClInclude Include="..\pool\core\objpool.h">
      <Filter>Header Files</Filter>
    </ClInclude>
    <ClInclude Include="..\os\ospx.h">
      <Filter>Header Files</Filter>
    </ClInclude>
    <ClInclude Include="..\os\ospx_compatible.h">
      <Filter>Header Files</Filter>
    </ClInclude>
    <ClInclude Include="..\os\ospx_config.h">
      <Filter>Header Files</Filter>
    </ClInclude>
    <ClInclude Include="..\os\ospx_errno.h">
      <Filter>Header Files</Filter>
    </ClInclude>
    <ClInclude Include="..\os\ospx_error.h">
      <Filter>Header Files</Filter>
    </ClInclude>
    <ClInclude Include="..\os\ospx_type.h">
      <Filter>Header Files</Filter>
    </ClInclude>
    <ClInclude Include="..\pool\core\sm_cache.h">
      <Filter>Header Files</Filter>
    </ClInclude>
    <ClInclude Include="..\pool\core\timer.h">
      <Filter>Header Files</Filter>
    </ClInclude>
  </ItemGroup>
</Project>